Microsoft Visual Studio Solution File, Format Version 12.00
# Visual Studio 2012
Project("{FAE04EC0-301F-11D3-BF4B-00C04F79EFBC}") = "E2894.Web", "E2894.Web\E2894.Web.csproj", "{852D443B-4A3D-4B53-B321-EA5DC8EAEF32}"
EndProject
Project("{FAE04EC0-301F-11D3-BF4B-00C04F79EFBC}") = "E2894", "E2894\E2894.csproj", "{B3E4B97E-6283-410C-9159-B47D02C887A0}"
EndProject
Global
	GlobalSection(SolutionConfigurationPlatforms) = preSolution
		Debug|Any CPU = Debug|Any CPU
		Release|Any CPU = Release|Any CPU
	EndGlobalSection
	GlobalSection(ProjectConfigurationPlatforms) = postSolution
		{B3E4B97E-6283-410C-9159-B47D02C887A0}.Debug|Any CPU.ActiveCfg = Debug|Any CPU
		{B3E4B97E-6283-410C-9159-B47D02C887A0}.Debug|Any CPU.Build.0 = Debug|Any CPU
		{B3E4B97E-6283-410C-9159-B47D02C887A0}.Release|Any CPU.ActiveCfg = Release|Any CPU
		{B3E4B97E-6283-410C-9159-B47D02C887A0}.Release|Any CPU.Build.0 = Release|Any CPU
		{852D443B-4A3D-4B53-B321-EA5DC8EAEF32}.Debug|Any CPU.ActiveCfg = Debug|Any CPU
		{852D443B-4A3D-4B53-B321-EA5DC8EAEF32}.Debug|Any CPU.Build.0 = Debug|Any CPU
		{852D443B-4A3D-4B53-B321-EA5DC8EAEF32}.Release|Any CPU.ActiveCfg = Release|Any CPU
		{852D443B-4A3D-4B53-B321-EA5DC8EAEF32}.Release|Any CPU.Build.0 = Release|Any CPU
	EndGlobalSection
	GlobalSection(SolutionProperties) = preSolution
		HideSolutionNode = FALSE
	EndGlobalSection
EndGlobal
